# THIS IS AN AUTOGENERATED FILE. DO NOT EDIT THIS FILE DIRECTLY.
# yarn lockfile v1


"@esbuild/android-arm@0.15.9":
  version "0.15.9"
  resolved "https://registry.yarnpkg.com/@esbuild/android-arm/-/android-arm-0.15.9.tgz#7e1221604ab88ed5021ead74fa8cca4405e1e431"
  integrity sha512-VZPy/ETF3fBG5PiinIkA0W/tlsvlEgJccyN2DzWZEl0DlVKRbu91PvY2D6Lxgluj4w9QtYHjOWjAT44C+oQ+EQ==

"@esbuild/linux-loong64@0.15.9":
  version "0.15.9"
  resolved "https://registry.yarnpkg.com/@esbuild/linux-loong64/-/linux-loong64-0.15.9.tgz#b658a97babf1f40783354af7039b84c3fdfc3fc3"
  integrity sha512-O+NfmkfRrb3uSsTa4jE3WApidSe3N5++fyOVGP1SmMZi4A3BZELkhUUvj5hwmMuNdlpzAZ8iAPz2vmcR7DCFQA==

"@pixi/accessibility@7.0.0-alpha.3":
  version "7.0.0-alpha.3"
  resolved "https://registry.yarnpkg.com/@pixi/accessibility/-/accessibility-7.0.0-alpha.3.tgz#074cb5672bffea95c0433868879bd806e7070e2a"
  integrity sha512-+uFouK2V1qHXakF+GgbeG9bZqxInr81Pnl+5w/KPzMv5T12ij/Z+Bv00yZUvIwTa7wGjo7+lrcZDT1SirArOjw==

"@pixi/app@7.0.0-alpha.3":
  version "7.0.0-alpha.3"
  resolved "https://registry.yarnpkg.com/@pixi/app/-/app-7.0.0-alpha.3.tgz#45b270c68b5e397a823d922056d5d73abbc11225"
  integrity sha512-99Dq0laAfG/nGhkF9lx92nU6Ug6HERiHpZi5dCwFARHUBtu8jcZPdIxwQAo2FwqkJD/HuwXCyJLWKPpdav6Rvg==

"@pixi/assets@7.0.0-alpha.3":
  version "7.0.0-alpha.3"
  resolved "https://registry.yarnpkg.com/@pixi/assets/-/assets-7.0.0-alpha.3.tgz#63b2cddf0aafd4a0b068938c170cc03709249244"
  integrity sha512-1QWAUVDUfpIx8g/Qg7tJb2UzwY01KefYcnYuo6ZQwVfZcZOOmYRVj64fyWv/kyztv7DPfx31jYeIfMNGUiZ+Uw==
  dependencies:
    "@types/css-font-loading-module" "^0.0.7"

"@pixi/compressed-textures@7.0.0-alpha.3":
  version "7.0.0-alpha.3"
  resolved "https://registry.yarnpkg.com/@pixi/compressed-textures/-/compressed-textures-7.0.0-alpha.3.tgz#cf2794f6a92d2bc3d09e9c9ffa83812c67e3a2b9"
  integrity sha512-q+Xj/WecZGDx6NuiLLi016aCSWOlHtFKfmL/EEQXViQvmkkaLLxmSfSv4F6UbeBiSLbjFZy+O+k01Px/zMT68g==

"@pixi/constants@7.0.0-alpha.3":
  version "7.0.0-alpha.3"
  resolved "https://registry.yarnpkg.com/@pixi/constants/-/constants-7.0.0-alpha.3.tgz#b15ac7cb2c0f40b809757cbbc595d02b723d815c"
  integrity sha512-5l4bG0f1q7iqpmSB+9A7RGdOG21pk29kq5cjDqXM86JCnand8kCmTHgH3ZF7TgZOmuwLCqa+rewHHwUFdJIubg==

"@pixi/core@7.0.0-alpha.3":
  version "7.0.0-alpha.3"
  resolved "https://registry.yarnpkg.com/@pixi/core/-/core-7.0.0-alpha.3.tgz#595da1af3368de13404e65b81ed0083b669689f3"
  integrity sha512-opl0GhwiZ5cfqF0M8X9fw58zn+9r9MnReGr1YC5HIN7a7Hma9eFJjdFkcF2Ltsnz2pCZvEw/AdjAtxx/qtckyg==
  dependencies:
    "@pixi/constants" "7.0.0-alpha.3"
    "@pixi/extensions" "7.0.0-alpha.3"
    "@pixi/math" "7.0.0-alpha.3"
    "@pixi/runner" "7.0.0-alpha.3"
    "@pixi/settings" "7.0.0-alpha.3"
    "@pixi/ticker" "7.0.0-alpha.3"
    "@pixi/utils" "7.0.0-alpha.3"
    "@types/offscreencanvas" "^2019.6.4"

"@pixi/display@7.0.0-alpha.3":
  version "7.0.0-alpha.3"
  resolved "https://registry.yarnpkg.com/@pixi/display/-/display-7.0.0-alpha.3.tgz#9e7a6c27d4943f90cf6122a70d0346179134156b"
  integrity sha512-k5RpwP0Dz2KFjI0oFiEME1ay2O/R5k8ih/aR1i3oaneAUHtg8upZgPElGS8UnAtQkLJr7FRLHgC7bZGbWalpdQ==

"@pixi/events@7.0.0-alpha.3":
  version "7.0.0-alpha.3"
  resolved "https://registry.yarnpkg.com/@pixi/events/-/events-7.0.0-alpha.3.tgz#24f696ad844a11cff5119ca90da339eed9942439"
  integrity sha512-cYMuh8kUDL2heJchuUq8XABf0TqpEhqV45EaIv+v0uXwqqHn5aa+AgmR+zzDp5sbQInYlapRXe/bNWFPe1jdfA==

"@pixi/extensions@7.0.0-alpha.3":
  version "7.0.0-alpha.3"
  resolved "https://registry.yarnpkg.com/@pixi/extensions/-/extensions-7.0.0-alpha.3.tgz#a8900757fae73adf7a968aa16c992d0f88a8b170"
  integrity sha512-FCXgUNQYSiO5MO7lsspBY+u60vLS478ct1Fvkbx9m+Y2QuNsxgXl7duy3AQzhzS2P4T4TDk0wtzF68Y0qNY16w==

"@pixi/extract@7.0.0-alpha.3":
  version "7.0.0-alpha.3"
  resolved "https://registry.yarnpkg.com/@pixi/extract/-/extract-7.0.0-alpha.3.tgz#47ae5b205cdaf052abafda3dcfc021909a2fd287"
  integrity sha512-Zdiqs/fpdfDJtsS1X4MlL0sZDDen+Ew0aSVQavaxv0BZI+AEs883saQDP/9nCnfyTZlFL297TtqFkdjzA0DFBg==

"@pixi/filter-alpha@7.0.0-alpha.3":
  version "7.0.0-alpha.3"
  resolved "https://registry.yarnpkg.com/@pixi/filter-alpha/-/filter-alpha-7.0.0-alpha.3.tgz#b567264ae2aa864efae0462d14a3b914031df30d"
  integrity sha512-LSkpoeBgwiNkcFuk9qIVqdaM5WcXmBiLwVRp0mGyoTzmUPXnoaTuhbfizzndym8efAHfrk5IrupT0qVkaQaw5A==

"@pixi/filter-blur@7.0.0-alpha.3":
  version "7.0.0-alpha.3"
  resolved "https://registry.yarnpkg.com/@pixi/filter-blur/-/filter-blur-7.0.0-alpha.3.tgz#6fa25f97860abfd5766498a9efa22d627e5f5630"
  integrity sha512-jz1AZy2wjgfXEYB0yEssQaZ1dutqxsf0OZrmLaA/Vu6kXSxtnG0vdp4erR2pZyrrtsMErcvtYAo+1/GIrlrvQw==

"@pixi/filter-color-matrix@7.0.0-alpha.3":
  version "7.0.0-alpha.3"
  resolved "https://registry.yarnpkg.com/@pixi/filter-color-matrix/-/filter-color-matrix-7.0.0-alpha.3.tgz#5ccaee32167c399ec57c4a7554cae2e7b70e0032"
  integrity sha512-T8X8HfMno6RvPhxZeCBe+HUObtfvgMADx+XDUwX3V8kdz9PKTWSv9+c0CneNT0mmJZfz9+nF6qkRNBYdvaFvfg==

"@pixi/filter-displacement@7.0.0-alpha.3":
  version "7.0.0-alpha.3"
  resolved "https://registry.yarnpkg.com/@pixi/filter-displacement/-/filter-displacement-7.0.0-alpha.3.tgz#ad95d408e71f770deb3c99e6ffe268adfafa827b"
  integrity sha512-SMAPBQp3/1BUmPteRJtfwwlUaz0drcg1I80jQsHN6MdvhzYWAUwyfKwl1i8SV8b7cYBcY8m4oAOG5aqOtR2mGw==

"@pixi/filter-fxaa@7.0.0-alpha.3":
  version "7.0.0-alpha.3"
  resolved "https://registry.yarnpkg.com/@pixi/filter-fxaa/-/filter-fxaa-7.0.0-alpha.3.tgz#20ea7796787d2b28327f96436bb33bb6cead772f"
  integrity sha512-gw3TkyXFvAHGl5D96GjaqK84iTw3vW3IvwYSvaNWASw1W03//ZmYVKFXsGL4jKuk1nBLy2x/8sKstp1nOue+pA==

"@pixi/filter-noise@7.0.0-alpha.3":
  version "7.0.0-alpha.3"
  resolved "https://registry.yarnpkg.com/@pixi/filter-noise/-/filter-noise-7.0.0-alpha.3.tgz#350472a3e9724ecb5b00643dcba1a48b3b332c1c"
  integrity sha512-nn5xNPnzIr9sFcvBLK30NJArMbt/Fnkrgv4P+9aED1/iHiLHxt4fXuU9NMcxK+DsjtOQ2Z4Ii9RXIBTF6ozryA==

"@pixi/graphics@7.0.0-alpha.3":
  version "7.0.0-alpha.3"
  resolved "https://registry.yarnpkg.com/@pixi/graphics/-/graphics-7.0.0-alpha.3.tgz#b85a1fe7a459fcd404e3b49a641702b25f3750d8"
  integrity sha512-KYKl3JIwmFTNCBA4iKIGtbqRvjUr7SiRxkRRVksBzLdUjzspccxrggeWVC8HIVhDONIuNwgRiZofkBrsEJcvOA==

"@pixi/math@7.0.0-alpha.3":
  version "7.0.0-alpha.3"
  resolved "https://registry.yarnpkg.com/@pixi/math/-/math-7.0.0-alpha.3.tgz#50b3a5ceb90b4af3861ccf11288f6b56a3bb1f8f"
  integrity sha512-X9hxna5gi5Nlrq+NcZDRCEY6jTwzhI7HHabU8taSyOLWDk5vFWCM9hbn+LvcFULfTfLDNrI2GzEB48R0a0d4xw==

"@pixi/mesh-extras@7.0.0-alpha.3":
  version "7.0.0-alpha.3"
  resolved "https://registry.yarnpkg.com/@pixi/mesh-extras/-/mesh-extras-7.0.0-alpha.3.tgz#70b61e17e31f8013ffceb42651c111ca7aaf0c1d"
  integrity sha512-kYoVioIhXEHdXnzEEezmDXbnQsSEegrHvJ7VJjCe2e64wy63WZbAUKvUw/VK4mf4BG+HrV7++mP6leYf7KcVqA==

"@pixi/mesh@7.0.0-alpha.3":
  version "7.0.0-alpha.3"
  resolved "https://registry.yarnpkg.com/@pixi/mesh/-/mesh-7.0.0-alpha.3.tgz#a41dca289abf9e152c73bfe2f5d4a2e88883e053"
  integrity sha512-i+mYRQdxwYv9DTXAN4A+WDrRIo7b2YVgnwm6SOO1qvIiab6/DXKz2H2PZT/LZiJBvOacAHuO42A5c6lziAG1wQ==

"@pixi/mixin-cache-as-bitmap@7.0.0-alpha.3":
  version "7.0.0-alpha.3"
  resolved "https://registry.yarnpkg.com/@pixi/mixin-cache-as-bitmap/-/mixin-cache-as-bitmap-7.0.0-alpha.3.tgz#c5f0c56a2caf29d7cb754919a84d6b58dd5df5d6"
  integrity sha512-XaVOtRzt+9LBOBv5v3F3OnSJ0tjLQcvnL+VHkMmukKosD7o+rJhwswKEyxZbA7Ci3INAdB36jPBFErT/+3NQdA==

"@pixi/mixin-get-child-by-name@7.0.0-alpha.3":
  version "7.0.0-alpha.3"
  resolved "https://registry.yarnpkg.com/@pixi/mixin-get-child-by-name/-/mixin-get-child-by-name-7.0.0-alpha.3.tgz#71709617d6058ca6d10c17634cd8be3f3b837abe"
  integrity sha512-afLJ0Ke+fzTsnjATrO3tlx9B/sJ8Tu7J8tPgRN+Gb9ds3S+JJ4ljAP6VwvYPNwYFbhDeq4FBv3KiuY0cHpoiGQ==

"@pixi/mixin-get-global-position@7.0.0-alpha.3":
  version "7.0.0-alpha.3"
  resolved "https://registry.yarnpkg.com/@pixi/mixin-get-global-position/-/mixin-get-global-position-7.0.0-alpha.3.tgz#96b624a9b4c4471a30292f8d7d0ab78b110e1ca7"
  integrity sha512-uHV4XgkI/dVjmYvLULm0ZBXiHFRtF4u3q5brx75yj088IIBU0SEIzDPixRU+0E6xMUyKVAuyn1HtRTHSif3E8w==

"@pixi/particle-container@7.0.0-alpha.3":
  version "7.0.0-alpha.3"
  resolved "https://registry.yarnpkg.com/@pixi/particle-container/-/particle-container-7.0.0-alpha.3.tgz#ddf483ffa6ac017a41c1c274f9ae46ccd51cab7e"
  integrity sha512-9mKGqW8zdxfUb7YkT/TpEhH4lMvbN3rCP8ucVy+QoCTmlKrmlOJNp43zHUs/XuSLBCSgDItdGiClxQaDGQZ6Jw==

"@pixi/prepare@7.0.0-alpha.3":
  version "7.0.0-alpha.3"
  resolved "https://registry.yarnpkg.com/@pixi/prepare/-/prepare-7.0.0-alpha.3.tgz#0770ef28860fa6183521cf33e72a610133e97728"
  integrity sha512-rOH/UJqCF5UCy1IAE6tNhAjGT+0s35lqPbMKKlbXYJ6dCgAzTclGjr5mlAL5+jH0+OqI8nOFo8PorOjS83hsEw==

"@pixi/runner@7.0.0-alpha.3":
  version "7.0.0-alpha.3"
  resolved "https://registry.yarnpkg.com/@pixi/runner/-/runner-7.0.0-alpha.3.tgz#a90f7d6eec47e163152682502af89dd2b6f1aa15"
  integrity sha512-cPeUteqUMrUY2+UjUl88h1AkeMjA+QjUmyhvYh07v7p1DdEdHBS0gOnraH6fQ+kuWJSaPrI8JtsMtNtXyq0OiA==

"@pixi/settings@7.0.0-alpha.3":
  version "7.0.0-alpha.3"
  resolved "https://registry.yarnpkg.com/@pixi/settings/-/settings-7.0.0-alpha.3.tgz#ba7299df342661f68e04194ee18101e9d3fdf575"
  integrity sha512-oWdzUHiHS/ovlsFuyWjdIpg5urptmi37tnMvSvsgt/wBxNn3OAaKEYk+RJ9sHEoK/YFBSeFRIZnaXG5cOcdBrQ==

"@pixi/sprite-animated@7.0.0-alpha.3":
  version "7.0.0-alpha.3"
  resolved "https://registry.yarnpkg.com/@pixi/sprite-animated/-/sprite-animated-7.0.0-alpha.3.tgz#8643b32a5824902b532e9a98c3b45134bdc08ccf"
  integrity sha512-KBfVVAFUvH7WYXwszZbm6wqoI9Hoe0ZLDViZ6yNKvCVF5HuFqVwKr0XJjkJ7ci7N8XdU7/b1SsOMasUWIxm6ig==

"@pixi/sprite-tiling@7.0.0-alpha.3":
  version "7.0.0-alpha.3"
  resolved "https://registry.yarnpkg.com/@pixi/sprite-tiling/-/sprite-tiling-7.0.0-alpha.3.tgz#5cd15b5fc7fe18279fce67d7fd96f5e04f869848"
  integrity sha512-/Gyzh8LmniDE4NPkU9daXd4zO2b3iU1tKX+icsUfsLP9Ngm3xSBAXxAp260ouDI5aj+SGwemqfNmQXMCJJrL8w==

"@pixi/sprite@7.0.0-alpha.3":
  version "7.0.0-alpha.3"
  resolved "https://registry.yarnpkg.com/@pixi/sprite/-/sprite-7.0.0-alpha.3.tgz#511c0abc91fe201b0f4b7f18118725c632b2f61c"
  integrity sha512-m8RvBIiRyrkhEEoGlsuixZaKSibJI8bn/sNRiWEKkMc37E6bQEDvuo+o5AXxNpL/PCDLntn65d8OYOOaN6DxMw==

"@pixi/spritesheet@7.0.0-alpha.3":
  version "7.0.0-alpha.3"
  resolved "https://registry.yarnpkg.com/@pixi/spritesheet/-/spritesheet-7.0.0-alpha.3.tgz#eaed065f8adba03a547e8e7ab23ec2c16855873b"
  integrity sha512-0HG0tIdW1BPWAhr+l2EoK3vKTfWY6gXwerthNhiMvXtN+ewiT5Eb4eNRS8/KThm8V99wpjkKYXfWuBgPK5CIOw==

"@pixi/text-bitmap@7.0.0-alpha.3":
  version "7.0.0-alpha.3"
  resolved "https://registry.yarnpkg.com/@pixi/text-bitmap/-/text-bitmap-7.0.0-alpha.3.tgz#57865a9feae4b3bbcaecdb552fec2b3163f00c6e"
  integrity sha512-lviQzrnMimowBBDIUgMcZTihhsjPu1wKO4xE5nOgx5aX07XDGZjJxCt0zifUXgRR55N4z8OmoIGTJHqzAYT7GQ==

"@pixi/text@7.0.0-alpha.3":
  version "7.0.0-alpha.3"
  resolved "https://registry.yarnpkg.com/@pixi/text/-/text-7.0.0-alpha.3.tgz#6083af80e8a2f47688c31ce4c9b72c44d9bd3420"
  integrity sha512-NjeDS9I/1w0rokwRrM1vRq0x9mauZ5F6I3gs4dCKgYga2hfIyJgIR6BanA9EyVtAujVPe0F1OUX3K9A3f4BmOA==

"@pixi/ticker@7.0.0-alpha.3":
  version "7.0.0-alpha.3"
  resolved "https://registry.yarnpkg.com/@pixi/ticker/-/ticker-7.0.0-alpha.3.tgz#f2a751d2ff169af97dd8063f15c58ef5d96e175e"
  integrity sha512-dKPcT3WtJddkhPU0gTuN75CPwu1gLOu+49Ry/p5JcxUDutiBvBOp/vfgsSV+BPFveB20n9uHWughCxZLXDtKMA==
  dependencies:
    "@pixi/extensions" "7.0.0-alpha.3"
    "@pixi/settings" "7.0.0-alpha.3"

"@pixi/utils@7.0.0-alpha.3":
  version "7.0.0-alpha.3"
  resolved "https://registry.yarnpkg.com/@pixi/utils/-/utils-7.0.0-alpha.3.tgz#ef9b279a001aa74a72f5594ad9975580969fb636"
  integrity sha512-ZpoZBiTp5+Zb5Nffr6VZzuNzEbbpIeU7OSjnKrygISEBrzAaQq4M/n9Iu2Y5cPv4teCGVBG8X0N8Z0ZBDRxsLA==
  dependencies:
    "@pixi/constants" "7.0.0-alpha.3"
    "@pixi/settings" "7.0.0-alpha.3"
    "@types/earcut" "^2.1.0"
    earcut "^2.2.4"
    eventemitter3 "^3.1.0"
    url "^0.11.0"

"@types/css-font-loading-module@^0.0.7":
  version "0.0.7"
  resolved "https://registry.yarnpkg.com/@types/css-font-loading-module/-/css-font-loading-module-0.0.7.tgz#2f98ede46acc0975de85c0b7b0ebe06041d24601"
  integrity sha512-nl09VhutdjINdWyXxHWN/w9zlNCfr60JUqJbd24YXUuCwgeL0TpFSdElCwb6cxfB6ybE19Gjj4g0jsgkXxKv1Q==

"@types/earcut@^2.1.0":
  version "2.1.1"
  resolved "https://registry.yarnpkg.com/@types/earcut/-/earcut-2.1.1.tgz#573a0af609f17005c751f6f4ffec49cfe358ea51"
  integrity sha512-w8oigUCDjElRHRRrMvn/spybSMyX8MTkKA5Dv+tS1IE/TgmNZPqUYtvYBXGY8cieSE66gm+szeK+bnbxC2xHTQ==

"@types/howler@^2.2.7":
  version "2.2.7"
  resolved "https://registry.yarnpkg.com/@types/howler/-/howler-2.2.7.tgz#5acfbed57f9e1d99b8dabe1b824729e1c1ea1fae"
  integrity sha512-PEZldwZqJJw1PWRTpupyC7ajVTZA8aHd8nB/Y0n6zRZi5u8ktYDntsHj13ltEiBRqWwF06pASxBEvCTxniG8eA==

"@types/offscreencanvas@^2019.6.4":
  version "2019.7.0"
  resolved "https://registry.yarnpkg.com/@types/offscreencanvas/-/offscreencanvas-2019.7.0.tgz#e4a932069db47bb3eabeb0b305502d01586fa90d"
  integrity sha512-PGcyveRIpL1XIqK8eBsmRBt76eFgtzuPiSTyKHZxnGemp2yzGzWpjYKAfK3wIMiU7eH+851yEpiuP8JZerTmWg==

earcut@^2.2.4:
  version "2.2.4"
  resolved "https://registry.yarnpkg.com/earcut/-/earcut-2.2.4.tgz#6d02fd4d68160c114825d06890a92ecaae60343a"
  integrity sha512-/pjZsA1b4RPHbeWZQn66SWS8nZZWLQQ23oE3Eam7aroEFGEvwKAsJfZ9ytiEMycfzXWpca4FA9QIOehf7PocBQ==

esbuild-android-64@0.15.9:
  version "0.15.9"
  resolved "https://registry.yarnpkg.com/esbuild-android-64/-/esbuild-android-64-0.15.9.tgz#4a7eb320ca8d3a305f14792061fd9614ccebb7c0"
  integrity sha512-HQCX7FJn9T4kxZQkhPjNZC7tBWZqJvhlLHPU2SFzrQB/7nDXjmTIFpFTjt7Bd1uFpeXmuwf5h5fZm+x/hLnhbw==

esbuild-android-arm64@0.15.9:
  version "0.15.9"
  resolved "https://registry.yarnpkg.com/esbuild-android-arm64/-/esbuild-android-arm64-0.15.9.tgz#c948e5686df20857ad361ec67e070d40d7cab985"
  integrity sha512-E6zbLfqbFVCNEKircSHnPiSTsm3fCRxeIMPfrkS33tFjIAoXtwegQfVZqMGR0FlsvVxp2NEDOUz+WW48COCjSg==

esbuild-darwin-64@0.15.9:
  version "0.15.9"
  resolved "https://registry.yarnpkg.com/esbuild-darwin-64/-/esbuild-darwin-64-0.15.9.tgz#25f564fa4b39c1cec84dc46bce5634fdbce1d5e4"
  integrity sha512-gI7dClcDN/HHVacZhTmGjl0/TWZcGuKJ0I7/xDGJwRQQn7aafZGtvagOFNmuOq+OBFPhlPv1T6JElOXb0unkSQ==

esbuild-darwin-arm64@0.15.9:
  version "0.15.9"
  resolved "https://registry.yarnpkg.com/esbuild-darwin-arm64/-/esbuild-darwin-arm64-0.15.9.tgz#60faea3ed95d15239536aa88d06bb82b29278a86"
  integrity sha512-VZIMlcRN29yg/sv7DsDwN+OeufCcoTNaTl3Vnav7dL/nvsApD7uvhVRbgyMzv0zU/PP0xRhhIpTyc7lxEzHGSw==

esbuild-freebsd-64@0.15.9:
  version "0.15.9"
  resolved "https://registry.yarnpkg.com/esbuild-freebsd-64/-/esbuild-freebsd-64-0.15.9.tgz#0339ef1c90a919175e7816788224517896657a0e"
  integrity sha512-uM4z5bTvuAXqPxrI204txhlsPIolQPWRMLenvGuCPZTnnGlCMF2QLs0Plcm26gcskhxewYo9LkkmYSS5Czrb5A==

esbuild-freebsd-arm64@0.15.9:
  version "0.15.9"
  resolved "https://registry.yarnpkg.com/esbuild-freebsd-arm64/-/esbuild-freebsd-arm64-0.15.9.tgz#32abfc0be3ae3dd38e5a86a9beadbbcf592f1b57"
  integrity sha512-HHDjT3O5gWzicGdgJ5yokZVN9K9KG05SnERwl9nBYZaCjcCgj/sX8Ps1jvoFSfNCO04JSsHSOWo4qvxFuj8FoA==

esbuild-linux-32@0.15.9:
  version "0.15.9"
  resolved "https://registry.yarnpkg.com/esbuild-linux-32/-/esbuild-linux-32-0.15.9.tgz#93581348a4da7ed2b29bc5539f2605ad7fcee77b"
  integrity sha512-AQIdE8FugGt1DkcekKi5ycI46QZpGJ/wqcMr7w6YUmOmp2ohQ8eO4sKUsOxNOvYL7hGEVwkndSyszR6HpVHLFg==

esbuild-linux-64@0.15.9:
  version "0.15.9"
  resolved "https://registry.yarnpkg.com/esbuild-linux-64/-/esbuild-linux-64-0.15.9.tgz#0d171e7946c95d0d3ed4826026af2c5632d7dcc4"
  integrity sha512-4RXjae7g6Qs7StZyiYyXTZXBlfODhb1aBVAjd+ANuPmMhWthQilWo7rFHwJwL7DQu1Fjej2sODAVwLbcIVsAYQ==

esbuild-linux-arm64@0.15.9:
  version "0.15.9"
  resolved "https://registry.yarnpkg.com/esbuild-linux-arm64/-/esbuild-linux-arm64-0.15.9.tgz#9838795a3720cbe736d3bc20621bd366eac22f24"
  integrity sha512-a+bTtxJmYmk9d+s2W4/R1SYKDDAldOKmWjWP0BnrWtDbvUBNOm++du0ysPju4mZVoEFgS1yLNW+VXnG/4FNwdQ==

esbuild-linux-arm@0.15.9:
  version "0.15.9"
  resolved "https://registry.yarnpkg.com/esbuild-linux-arm/-/esbuild-linux-arm-0.15.9.tgz#dce96cd817bc7376f6af3967649c4ab1f2f79506"
  integrity sha512-3Zf2GVGUOI7XwChH3qrnTOSqfV1V4CAc/7zLVm4lO6JT6wbJrTgEYCCiNSzziSju+J9Jhf9YGWk/26quWPC6yQ==

esbuild-linux-mips64le@0.15.9:
  version "0.15.9"
  resolved "https://registry.yarnpkg.com/esbuild-linux-mips64le/-/esbuild-linux-mips64le-0.15.9.tgz#0335a0739e61aa97cb9b4a018e3facfcca9cdcfd"
  integrity sha512-Zn9HSylDp89y+TRREMDoGrc3Z4Hs5u56ozZLQCiZAUx2+HdbbXbWdjmw3FdTJ/i7t5Cew6/Q+6kfO3KCcFGlyw==

esbuild-linux-ppc64le@0.15.9:
  version "0.15.9"
  resolved "https://registry.yarnpkg.com/esbuild-linux-ppc64le/-/esbuild-linux-ppc64le-0.15.9.tgz#18482afb95b8a705e2da0a59d7131bff221281f9"
  integrity sha512-OEiOxNAMH9ENFYqRsWUj3CWyN3V8P3ZXyfNAtX5rlCEC/ERXrCEFCJji/1F6POzsXAzxvUJrTSTCy7G6BhA6Fw==

esbuild-linux-riscv64@0.15.9:
  version "0.15.9"
  resolved "https://registry.yarnpkg.com/esbuild-linux-riscv64/-/esbuild-linux-riscv64-0.15.9.tgz#03b6f9708272c117006b9ce1c9ae8aab91b5a5b6"
  integrity sha512-ukm4KsC3QRausEFjzTsOZ/qqazw0YvJsKmfoZZm9QW27OHjk2XKSQGGvx8gIEswft/Sadp03/VZvAaqv5AIwNA==

esbuild-linux-s390x@0.15.9:
  version "0.15.9"
  resolved "https://registry.yarnpkg.com/esbuild-linux-s390x/-/esbuild-linux-s390x-0.15.9.tgz#65fb645623d575780f155f0ee52935e62f9cca4f"
  integrity sha512-uDOQEH55wQ6ahcIKzQr3VyjGc6Po/xblLGLoUk3fVL1qjlZAibtQr6XRfy5wPJLu/M2o0vQKLq4lyJ2r1tWKcw==

esbuild-netbsd-64@0.15.9:
  version "0.15.9"
  resolved "https://registry.yarnpkg.com/esbuild-netbsd-64/-/esbuild-netbsd-64-0.15.9.tgz#7894297bb9e11f3d2f6f31efecd1be4e181f0d54"
  integrity sha512-yWgxaYTQz+TqX80wXRq6xAtb7GSBAp6gqLKfOdANg9qEmAI1Bxn04IrQr0Mzm4AhxvGKoHzjHjMgXbCCSSDxcw==

esbuild-openbsd-64@0.15.9:
  version "0.15.9"
  resolved "https://registry.yarnpkg.com/esbuild-openbsd-64/-/esbuild-openbsd-64-0.15.9.tgz#0f9d4c6b6772ae50d491d68ad4cc028300dda7c0"
  integrity sha512-JmS18acQl4iSAjrEha1MfEmUMN4FcnnrtTaJ7Qg0tDCOcgpPPQRLGsZqhes0vmx8VA6IqRyScqXvaL7+Q0Uf3A==

esbuild-sunos-64@0.15.9:
  version "0.15.9"
  resolved "https://registry.yarnpkg.com/esbuild-sunos-64/-/esbuild-sunos-64-0.15.9.tgz#c32b7ce574b08f814de810ce7c1e34b843768126"
  integrity sha512-UKynGSWpzkPmXW3D2UMOD9BZPIuRaSqphxSCwScfEE05Be3KAmvjsBhht1fLzKpiFVJb0BYMd4jEbWMyJ/z1hQ==

esbuild-windows-32@0.15.9:
  version "0.15.9"
  resolved "https://registry.yarnpkg.com/esbuild-windows-32/-/esbuild-windows-32-0.15.9.tgz#37a8f7cfccdb2177cd46613a1a1e1fcb419d36df"
  integrity sha512-aqXvu4/W9XyTVqO/hw3rNxKE1TcZiEYHPsXM9LwYmKSX9/hjvfIJzXwQBlPcJ/QOxedfoMVH0YnhhQ9Ffb0RGA==

esbuild-windows-64@0.15.9:
  version "0.15.9"
  resolved "https://registry.yarnpkg.com/esbuild-windows-64/-/esbuild-windows-64-0.15.9.tgz#5fe1e76fc13dd7f520febecaea110b6f1649c7b2"
  integrity sha512-zm7h91WUmlS4idMtjvCrEeNhlH7+TNOmqw5dJPJZrgFaxoFyqYG6CKDpdFCQXdyKpD5yvzaQBOMVTCBVKGZDEg==

esbuild-windows-arm64@0.15.9:
  version "0.15.9"
  resolved "https://registry.yarnpkg.com/esbuild-windows-arm64/-/esbuild-windows-arm64-0.15.9.tgz#98504428f7ba7d2cfc11940be68ee1139173fdce"
  integrity sha512-yQEVIv27oauAtvtuhJVfSNMztJJX47ismRS6Sv2QMVV9RM+6xjbMWuuwM2nxr5A2/gj/mu2z9YlQxiwoFRCfZA==

esbuild@^0.15.6:
  version "0.15.9"
  resolved "https://registry.yarnpkg.com/esbuild/-/esbuild-0.15.9.tgz#33fb18b67b85004b6f7616bec955ca4b3e58935d"
  integrity sha512-OnYr1rkMVxtmMHIAKZLMcEUlJmqcbxBz9QoBU8G9v455na0fuzlT/GLu6l+SRghrk0Mm2fSSciMmzV43Q8e0Gg==
  optionalDependencies:
    "@esbuild/android-arm" "0.15.9"
    "@esbuild/linux-loong64" "0.15.9"
    esbuild-android-64 "0.15.9"
    esbuild-android-arm64 "0.15.9"
    esbuild-darwin-64 "0.15.9"
    esbuild-darwin-arm64 "0.15.9"
    esbuild-freebsd-64 "0.15.9"
    esbuild-freebsd-arm64 "0.15.9"
    esbuild-linux-32 "0.15.9"
    esbuild-linux-64 "0.15.9"
    esbuild-linux-arm "0.15.9"
    esbuild-linux-arm64 "0.15.9"
    esbuild-linux-mips64le "0.15.9"
    esbuild-linux-ppc64le "0.15.9"
    esbuild-linux-riscv64 "0.15.9"
    esbuild-linux-s390x "0.15.9"
    esbuild-netbsd-64 "0.15.9"
    esbuild-openbsd-64 "0.15.9"
    esbuild-sunos-64 "0.15.9"
    esbuild-windows-32 "0.15.9"
    esbuild-windows-64 "0.15.9"
    esbuild-windows-arm64 "0.15.9"

eventemitter3@^3.1.0:
  version "3.1.2"
  resolved "https://registry.yarnpkg.com/eventemitter3/-/eventemitter3-3.1.2.tgz#2d3d48f9c346698fce83a85d7d664e98535df6e7"
  integrity sha512-tvtQIeLVHjDkJYnzf2dgVMxfuSGJeM/7UCG17TT4EumTfNtF+0nebF/4zWOIkCreAbtNqhGEboB6BWrwqNaw4Q==

fsevents@~2.3.2:
  version "2.3.2"
  resolved "https://registry.yarnpkg.com/fsevents/-/fsevents-2.3.2.tgz#8a526f78b8fdf4623b709e0b975c52c24c02fd1a"
  integrity sha512-xiqMQR4xAeHTuB9uWm+fFRcIOgKBMiOBP+eXiyT7jsgVCq1bkVygt00oASowB7EdtpOHaaPgKt812P9ab+DDKA==

function-bind@^1.1.1:
  version "1.1.1"
  resolved "https://registry.yarnpkg.com/function-bind/-/function-bind-1.1.1.tgz#a56899d3ea3c9bab874bb9773b7c5ede92f4895d"
  integrity sha512-yIovAzMX49sF8Yl58fSCWJ5svSLuaibPxXQJFLmBObTuCr0Mf1KiPopGM9NiFjiYBCbfaa2Fh6breQ6ANVTI0A==

has@^1.0.3:
  version "1.0.3"
  resolved "https://registry.yarnpkg.com/has/-/has-1.0.3.tgz#722d7cbfc1f6aa8241f16dd814e011e1f41e8796"
  integrity sha512-f2dvO0VU6Oej7RkWJGrehjbzMAjFp5/VKPp5tTpWIV4JHHZK1/BxbFRtf/siA2SWTe09caDmVtYYzWEIbBS4zw==
  dependencies:
    function-bind "^1.1.1"

howler@^2.2.3:
  version "2.2.3"
  resolved "https://registry.yarnpkg.com/howler/-/howler-2.2.3.tgz#a2eff9b08b586798e7a2ee17a602a90df28715da"
  integrity sha512-QM0FFkw0LRX1PR8pNzJVAY25JhIWvbKMBFM4gqk+QdV+kPXOhleWGCB6AiAF/goGjIHK2e/nIElplvjQwhr0jg==

is-core-module@^2.9.0:
  version "2.10.0"
  resolved "https://registry.yarnpkg.com/is-core-module/-/is-core-module-2.10.0.tgz#9012ede0a91c69587e647514e1d5277019e728ed"
  integrity sha512-Erxj2n/LDAZ7H8WNJXd9tw38GYM3dv8rk8Zcs+jJuxYTW7sozH+SS8NtrSjVL1/vpLvWi1hxy96IzjJ3EHTJJg==
  dependencies:
    has "^1.0.3"

nanoid@^3.3.4:
  version "3.3.4"
  resolved "https://registry.yarnpkg.com/nanoid/-/nanoid-3.3.4.tgz#730b67e3cd09e2deacf03c027c81c9d9dbc5e8ab"
  integrity sha512-MqBkQh/OHTS2egovRtLk45wEyNXwF+cokD+1YPf9u5VfJiRdAiRwB2froX5Co9Rh20xs4siNPm8naNotSD6RBw==

path-parse@^1.0.7:
  version "1.0.7"
  resolved "https://registry.yarnpkg.com/path-parse/-/path-parse-1.0.7.tgz#fbc114b60ca42b30d9daf5858e4bd68bbedb6735"
  integrity sha512-LDJzPVEEEPR+y48z93A0Ed0yXb8pAByGWo/k5YYdYgpY2/2EsOsksJrq7lOHxryrVOn1ejG6oAp8ahvOIQD8sw==

picocolors@^1.0.0:
  version "1.0.0"
  resolved "https://registry.yarnpkg.com/picocolors/-/picocolors-1.0.0.tgz#cb5bdc74ff3f51892236eaf79d68bc44564ab81c"
  integrity sha512-1fygroTLlHu66zi26VoTDv8yRgm0Fccecssto+MhsZ0D/DGW2sm8E8AjW7NU5VVTRt5GxbeZ5qBuJr+HyLYkjQ==

pixi.js@7.0.0-alpha.3:
  version "7.0.0-alpha.3"
  resolved "https://registry.yarnpkg.com/pixi.js/-/pixi.js-7.0.0-alpha.3.tgz#be5934f097ffb67ed229aff137862000319e4ef6"
  integrity sha512-YKrCKSah12jjwKLxmsnxPRk8VkJwbKtASIU5c+HjDBPQE5AaD2JrsjW8ErooJAfRyLdi6f3rdRdAtv1P424yJQ==
  dependencies:
    "@pixi/accessibility" "7.0.0-alpha.3"
    "@pixi/app" "7.0.0-alpha.3"
    "@pixi/assets" "7.0.0-alpha.3"
    "@pixi/compressed-textures" "7.0.0-alpha.3"
    "@pixi/core" "7.0.0-alpha.3"
    "@pixi/display" "7.0.0-alpha.3"
    "@pixi/events" "7.0.0-alpha.3"
    "@pixi/extensions" "7.0.0-alpha.3"
    "@pixi/extract" "7.0.0-alpha.3"
    "@pixi/filter-alpha" "7.0.0-alpha.3"
    "@pixi/filter-blur" "7.0.0-alpha.3"
    "@pixi/filter-color-matrix" "7.0.0-alpha.3"
    "@pixi/filter-displacement" "7.0.0-alpha.3"
    "@pixi/filter-fxaa" "7.0.0-alpha.3"
    "@pixi/filter-noise" "7.0.0-alpha.3"
    "@pixi/graphics" "7.0.0-alpha.3"
    "@pixi/mesh" "7.0.0-alpha.3"
    "@pixi/mesh-extras" "7.0.0-alpha.3"
    "@pixi/mixin-cache-as-bitmap" "7.0.0-alpha.3"
    "@pixi/mixin-get-child-by-name" "7.0.0-alpha.3"
    "@pixi/mixin-get-global-position" "7.0.0-alpha.3"
    "@pixi/particle-container" "7.0.0-alpha.3"
    "@pixi/prepare" "7.0.0-alpha.3"
    "@pixi/sprite" "7.0.0-alpha.3"
    "@pixi/sprite-animated" "7.0.0-alpha.3"
    "@pixi/sprite-tiling" "7.0.0-alpha.3"
    "@pixi/spritesheet" "7.0.0-alpha.3"
    "@pixi/text" "7.0.0-alpha.3"
    "@pixi/text-bitmap" "7.0.0-alpha.3"

postcss@^8.4.16:
  version "8.4.16"
  resolved "https://registry.yarnpkg.com/postcss/-/postcss-8.4.16.tgz#33a1d675fac39941f5f445db0de4db2b6e01d43c"
  integrity sha512-ipHE1XBvKzm5xI7hiHCZJCSugxvsdq2mPnsq5+UF+VHCjiBvtDrlxJfMBToWaP9D5XlgNmcFGqoHmUn0EYEaRQ==
  dependencies:
    nanoid "^3.3.4"
    picocolors "^1.0.0"
    source-map-js "^1.0.2"

punycode@1.3.2:
  version "1.3.2"
  resolved "https://registry.yarnpkg.com/punycode/-/punycode-1.3.2.tgz#9653a036fb7c1ee42342f2325cceefea3926c48d"
  integrity sha512-RofWgt/7fL5wP1Y7fxE7/EmTLzQVnB0ycyibJ0OOHIlJqTNzglYFxVwETOcIoJqJmpDXJ9xImDv+Fq34F/d4Dw==

querystring@0.2.0:
  version "0.2.0"
  resolved "https://registry.yarnpkg.com/querystring/-/querystring-0.2.0.tgz#b209849203bb25df820da756e747005878521620"
  integrity sha512-X/xY82scca2tau62i9mDyU9K+I+djTMUsvwf7xnUX5GLvVzgJybOJf4Y6o9Zx3oJK/LSXg5tTZBjwzqVPaPO2g==

resolve@^1.22.1:
  version "1.22.1"
  resolved "https://registry.yarnpkg.com/resolve/-/resolve-1.22.1.tgz#27cb2ebb53f91abb49470a928bba7558066ac177"
  integrity sha512-nBpuuYuY5jFsli/JIs1oldw6fOQCBioohqWZg/2hiaOybXOft4lonv85uDOKXdf8rhyK159cxU5cDcK/NKk8zw==
  dependencies:
    is-core-module "^2.9.0"
    path-parse "^1.0.7"
    supports-preserve-symlinks-flag "^1.0.0"

rollup@~2.78.0:
  version "2.78.1"
  resolved "https://registry.yarnpkg.com/rollup/-/rollup-2.78.1.tgz#52fe3934d9c83cb4f7c4cb5fb75d88591be8648f"
  integrity sha512-VeeCgtGi4P+o9hIg+xz4qQpRl6R401LWEXBmxYKOV4zlF82lyhgh2hTZnheFUbANE8l2A41F458iwj2vEYaXJg==
  optionalDependencies:
    fsevents "~2.3.2"

source-map-js@^1.0.2:
  version "1.0.2"
  resolved "https://registry.yarnpkg.com/source-map-js/-/source-map-js-1.0.2.tgz#adbc361d9c62df380125e7f161f71c826f1e490c"
  integrity sha512-R0XvVJ9WusLiqTCEiGCmICCMplcCkIwwR11mOSD9CR5u+IXYdiseeEuXCVAjS54zqwkLcPNnmU4OeJ6tUrWhDw==

supports-preserve-symlinks-flag@^1.0.0:
  version "1.0.0"
  resolved "https://registry.yarnpkg.com/supports-preserve-symlinks-flag/-/supports-preserve-symlinks-flag-1.0.0.tgz#6eda4bd344a3c94aea376d4cc31bc77311039e09"
  integrity sha512-ot0WnXS9fgdkgIcePe6RHNk1WA8+muPa6cSjeR3V8K27q9BB1rTE3R1p7Hv0z1ZyAc8s6Vvv8DIyWf681MAt0w==

typescript@^4.6.4:
  version "4.8.3"
  resolved "https://registry.yarnpkg.com/typescript/-/typescript-4.8.3.tgz#d59344522c4bc464a65a730ac695007fdb66dd88"
  integrity sha512-goMHfm00nWPa8UvR/CPSvykqf6dVV8x/dp0c5mFTMTIu0u0FlGWRioyy7Nn0PGAdHxpJZnuO/ut+PpQ8UiHAig==

url@^0.11.0:
  version "0.11.0"
  resolved "https://registry.yarnpkg.com/url/-/url-0.11.0.tgz#3838e97cfc60521eb73c525a8e55bfdd9e2e28f1"
  integrity sha512-kbailJa29QrtXnxgq+DdCEGlbTeYM2eJUxsz6vjZavrCYPMIFHMKQmSKYAIuUK2i7hgPm28a8piX5NTUtM/LKQ==
  dependencies:
    punycode "1.3.2"
    querystring "0.2.0"

vite@^3.1.0:
  version "3.1.3"
  resolved "https://registry.yarnpkg.com/vite/-/vite-3.1.3.tgz#b2a0821c11aae124bb7618f8036913c689afcc59"
  integrity sha512-/3XWiktaopByM5bd8dqvHxRt5EEgRikevnnrpND0gRfNkrMrPaGGexhtLCzv15RcCMtV2CLw+BPas8YFeSG0KA==
  dependencies:
    esbuild "^0.15.6"
    postcss "^8.4.16"
    resolve "^1.22.1"
    rollup "~2.78.0"
  optionalDependencies:
    fsevents "~2.3.2"
